
Microsoft Visual Studio Solution File, Format Version 12.00
# Visual Studio Version 17
VisualStudioVersion = 17.13.35825.156 d17.13
MinimumVisualStudioVersion = 10.0.40219.1
Project("{54A90642-561A-4BB1-A94E-469ADEE60C69}") = "izjasnise.client", "izjasnise.client\izjasnise.client.esproj", "{F399F052-D917-4F53-1241-E2410F898D84}"
EndProject
Project("{FAE04EC0-301F-11D3-BF4B-00C04F79EFBC}") = "IzjasniSe.Server", "IzjasniSe.Server\IzjasniSe.Server.csproj", "{A1F3DB8B-8710-4F72-B83C-4DE22BDF3828}"
EndProject
Global
	GlobalSection(SolutionConfigurationPlatforms) = preSolution
		Debug|Any CPU = Debug|Any CPU
		Release|Any CPU = Release|Any CPU
	EndGlobalSection
	GlobalSection(ProjectConfigurationPlatforms) = postSolution
		{F399F052-D917-4F53-1241-E2410F898D84}.Debug|Any CPU.ActiveCfg = Debug|Any CPU
		{F399F052-D917-4F53-1241-E2410F898D84}.Debug|Any CPU.Build.0 = Debug|Any CPU
		{F399F052-D917-4F53-1241-E2410F898D84}.Debug|Any CPU.Deploy.0 = Debug|Any CPU
		{F399F052-D917-4F53-1241-E2410F898D84}.Release|Any CPU.ActiveCfg = Release|Any CPU
		{F399F052-D917-4F53-1241-E2410F898D84}.Release|Any CPU.Build.0 = Release|Any CPU
		{F399F052-D917-4F53-1241-E2410F898D84}.Release|Any CPU.Deploy.0 = Release|Any CPU
		{A1F3DB8B-8710-4F72-B83C-4DE22BDF3828}.Debug|Any CPU.ActiveCfg = Debug|Any CPU
		{A1F3DB8B-8710-4F72-B83C-4DE22BDF3828}.Debug|Any CPU.Build.0 = Debug|Any CPU
		{A1F3DB8B-8710-4F72-B83C-4DE22BDF3828}.Release|Any CPU.ActiveCfg = Release|Any CPU
		{A1F3DB8B-8710-4F72-B83C-4DE22BDF3828}.Release|Any CPU.Build.0 = Release|Any CPU
	EndGlobalSection
	GlobalSection(SolutionProperties) = preSolution
		HideSolutionNode = FALSE
	EndGlobalSection
	GlobalSection(ExtensibilityGlobals) = postSolution
		SolutionGuid = {550764B4-162B-4D06-A5EC-4C02842E180E}
	EndGlobalSection
EndGlobal
